// !$*UTF8*$!
{
	archiveVersion = 1;
	classes = {
	};
	objectVersion = 48;
	objects = {

/* Begin PBXBuildFile section */
		4BB3F07F1FD877340037FDC2 /* SF-Pro-Text-Regular.otf in Resources */ = {isa = PBXBuildFile; fileRef = 4BB3F07C1FD8772E0037FDC2 /* SF-Pro-Text-Regular.otf */; };
		4BB3F0801FD877340037FDC2 /* SF-Pro-Text-Light.otf in Resources */ = {isa = PBXBuildFile; fileRef = 4BB3F07D1FD877300037FDC2 /* SF-Pro-Text-Light.otf */; };
		4BB3F0811FD877340037FDC2 /* SF-Pro-Text-Semibold.otf in Resources */ = {isa = PBXBuildFile; fileRef = 4BB3F07E1FD877310037FDC2 /* SF-Pro-Text-Semibold.otf */; };
		4BB3F0831FD877900037FDC2 /* Fonts in Resources */ = {isa = PBXBuildFile; fileRef = 4BB3F0821FD877900037FDC2 /* Fonts */; };
		4BB3F0851FD882BD0037FDC2 /* TestingViewController.swift in Sources */ = {isa = PBXBuildFile; fileRef = 4BB3F0841FD882BD0037FDC2 /* TestingViewController.swift */; };
		4BB3F0871FD885A90037FDC2 /* PickerView.swift in Sources */ = {isa = PBXBuildFile; fileRef = 4BB3F0861FD885A90037FDC2 /* PickerView.swift */; };
		4BB3F0891FD885C90037FDC2 /* TestModeViewController.swift in Sources */ = {isa = PBXBuildFile; fileRef = 4BB3F0881FD885C90037FDC2 /* TestModeViewController.swift */; };
		A10AD2D51FDDFB7B00988040 /* EditWordViewController.swift in Sources */ = {isa = PBXBuildFile; fileRef = A10AD2D41FDDFB7B00988040 /* EditWordViewController.swift */; };
		A1166B681FD712A600176812 /* AddSetViewController.swift in Sources */ = {isa = PBXBuildFile; fileRef = A1166B671FD712A600176812 /* AddSetViewController.swift */; };
		A117E5481FCDA94700DFD7DC /* HomeViewControllerVoice.swift in Sources */ = {isa = PBXBuildFile; fileRef = A117E5471FCDA94700DFD7DC /* HomeViewControllerVoice.swift */; };
		A117E54B1FCDABCD00DFD7DC /* Speech.framework in Frameworks */ = {isa = PBXBuildFile; fileRef = A117E54A1FCDABC700DFD7DC /* Speech.framework */; };
		A117E54D1FCDABEA00DFD7DC /* AVFoundation.framework in Frameworks */ = {isa = PBXBuildFile; fileRef = A117E54C1FCDABE500DFD7DC /* AVFoundation.framework */; };
		A11E73F61FDDBA58009CB117 /* WordImages.plist in Resources */ = {isa = PBXBuildFile; fileRef = A11E73F51FDDBA58009CB117 /* WordImages.plist */; };
		A12ABC581FC887DB001C06D4 /* AppDelegate.swift in Sources */ = {isa = PBXBuildFile; fileRef = A12ABC571FC887DB001C06D4 /* AppDelegate.swift */; };
		A12ABC5F1FC887DB001C06D4 /* Main.storyboard in Resources */ = {isa = PBXBuildFile; fileRef = A12ABC5D1FC887DB001C06D4 /* Main.storyboard */; };
		A12ABC611FC887DB001C06D4 /* Assets.xcassets in Resources */ = {isa = PBXBuildFile; fileRef = A12ABC601FC887DB001C06D4 /* Assets.xcassets */; };
		A12ABC641FC887DB001C06D4 /* LaunchScreen.storyboard in Resources */ = {isa = PBXBuildFile; fileRef = A12ABC621FC887DB001C06D4 /* LaunchScreen.storyboard */; };
		A12ABC6C1FC88AA0001C06D4 /* HomeViewController.swift in Sources */ = {isa = PBXBuildFile; fileRef = A12ABC6B1FC88AA0001C06D4 /* HomeViewController.swift */; };
		A12ABC6E1FC89369001C06D4 /* FlashcardsCollectionViewCell.swift in Sources */ = {isa = PBXBuildFile; fileRef = A12ABC6D1FC89369001C06D4 /* FlashcardsCollectionViewCell.swift */; };
		A151714B1FC8973000A0CDCF /* FlashcardsData.plist in Resources */ = {isa = PBXBuildFile; fileRef = A151714A1FC8973000A0CDCF /* FlashcardsData.plist */; };
		A15FFDA81FD84BE000BEBB81 /* EditSetViewController.swift in Sources */ = {isa = PBXBuildFile; fileRef = A15FFDA71FD84BE000BEBB81 /* EditSetViewController.swift */; };
		A15FFDAA1FD84CBF00BEBB81 /* RenameSetViewController.swift in Sources */ = {isa = PBXBuildFile; fileRef = A15FFDA91FD84CBF00BEBB81 /* RenameSetViewController.swift */; };
		A1FD1B7A1FD4823F00CD23C1 /* WordsTableViewController.swift in Sources */ = {isa = PBXBuildFile; fileRef = A1FD1B791FD4823F00CD23C1 /* WordsTableViewController.swift */; };
		A1FD1B7C1FD498C900CD23C1 /* AddWordViewController.swift in Sources */ = {isa = PBXBuildFile; fileRef = A1FD1B7B1FD498C900CD23C1 /* AddWordViewController.swift */; };
		A1FD1B7E1FD49F9E00CD23C1 /* ViewWordViewController.swift in Sources */ = {isa = PBXBuildFile; fileRef = A1FD1B7D1FD49F9E00CD23C1 /* ViewWordViewController.swift */; };
/* End PBXBuildFile section */

/* Begin PBXFileReference section */
		4BB3F07C1FD8772E0037FDC2 /* SF-Pro-Text-Regular.otf */ = {isa = PBXFileReference; lastKnownFileType = file; path = "SF-Pro-Text-Regular.otf"; sourceTree = "<group>"; };
		4BB3F07D1FD877300037FDC2 /* SF-Pro-Text-Light.otf */ = {isa = PBXFileReference; lastKnownFileType = file; path = "SF-Pro-Text-Light.otf"; sourceTree = "<group>"; };
		4BB3F07E1FD877310037FDC2 /* SF-Pro-Text-Semibold.otf */ = {isa = PBXFileReference; lastKnownFileType = file; path = "SF-Pro-Text-Semibold.otf"; sourceTree = "<group>"; };
		4BB3F0821FD877900037FDC2 /* Fonts */ = {isa = PBXFileReference; lastKnownFileType = folder; name = Fonts; path = Flashcards/Fonts; sourceTree = "<group>"; };
		4BB3F0841FD882BD0037FDC2 /* TestingViewController.swift */ = {isa = PBXFileReference; lastKnownFileType = sourcecode.swift; path = TestingViewController.swift; sourceTree = "<group>"; };
		4BB3F0861FD885A90037FDC2 /* PickerView.swift */ = {isa = PBXFileReference; lastKnownFileType = sourcecode.swift; path = PickerView.swift; sourceTree = "<group>"; };
		4BB3F0881FD885C90037FDC2 /* TestModeViewController.swift */ = {isa = PBXFileReference; lastKnownFileType = sourcecode.swift; path = TestModeViewController.swift; sourceTree = "<group>"; };
		A10AD2D41FDDFB7B00988040 /* EditWordViewController.swift */ = {isa = PBXFileReference; lastKnownFileType = sourcecode.swift; path = EditWordViewController.swift; sourceTree = "<group>"; };
		A1166B671FD712A600176812 /* AddSetViewController.swift */ = {isa = PBXFileReference; lastKnownFileType = sourcecode.swift; path = AddSetViewController.swift; sourceTree = "<group>"; };
		A117E5471FCDA94700DFD7DC /* HomeViewControllerVoice.swift */ = {isa = PBXFileReference; lastKnownFileType = sourcecode.swift; path = HomeViewControllerVoice.swift; sourceTree = "<group>"; };
		A117E54A1FCDABC700DFD7DC /* Speech.framework */ = {isa = PBXFileReference; lastKnownFileType = wrapper.framework; name = Speech.framework; path = System/Library/Frameworks/Speech.framework; sourceTree = SDKROOT; };
		A117E54C1FCDABE500DFD7DC /* AVFoundation.framework */ = {isa = PBXFileReference; lastKnownFileType = wrapper.framework; name = AVFoundation.framework; path = System/Library/Frameworks/AVFoundation.framework; sourceTree = SDKROOT; };
		A11E73F51FDDBA58009CB117 /* WordImages.plist */ = {isa = PBXFileReference; lastKnownFileType = text.plist.xml; path = WordImages.plist; sourceTree = "<group>"; };
		A12ABC541FC887DB001C06D4 /* Flashcards.app */ = {isa = PBXFileReference; explicitFileType = wrapper.application; includeInIndex = 0; path = Flashcards.app; sourceTree = BUILT_PRODUCTS_DIR; };
		A12ABC571FC887DB001C06D4 /* AppDelegate.swift */ = {isa = PBXFileReference; lastKnownFileType = sourcecode.swift; path = AppDelegate.swift; sourceTree = "<group>"; };
		A12ABC5E1FC887DB001C06D4 /* Base */ = {isa = PBXFileReference; lastKnownFileType = file.storyboard; name = Base; path = Base.lproj/Main.storyboard; sourceTree = "<group>"; };
		A12ABC601FC887DB001C06D4 /* Assets.xcassets */ = {isa = PBXFileReference; lastKnownFileType = folder.assetcatalog; path = Assets.xcassets; sourceTree = "<group>"; };
		A12ABC631FC887DB001C06D4 /* Base */ = {isa = PBXFileReference; lastKnownFileType = file.storyboard; name = Base; path = Base.lproj/LaunchScreen.storyboard; sourceTree = "<group>"; };
		A12ABC651FC887DB001C06D4 /* Info.plist */ = {isa = PBXFileReference; lastKnownFileType = text.plist.xml; path = Info.plist; sourceTree = "<group>"; };
		A12ABC6B1FC88AA0001C06D4 /* HomeViewController.swift */ = {isa = PBXFileReference; lastKnownFileType = sourcecode.swift; path = HomeViewController.swift; sourceTree = "<group>"; };
		A12ABC6D1FC89369001C06D4 /* FlashcardsCollectionViewCell.swift */ = {isa = PBXFileReference; lastKnownFileType = sourcecode.swift; path = FlashcardsCollectionViewCell.swift; sourceTree = "<group>"; };
		A151714A1FC8973000A0CDCF /* FlashcardsData.plist */ = {isa = PBXFileReference; lastKnownFileType = text.plist.xml; path = FlashcardsData.plist; sourceTree = "<group>"; };
		A15FFDA71FD84BE000BEBB81 /* EditSetViewController.swift */ = {isa = PBXFileReference; lastKnownFileType = sourcecode.swift; path = EditSetViewController.swift; sourceTree = "<group>"; };
		A15FFDA91FD84CBF00BEBB81 /* RenameSetViewController.swift */ = {isa = PBXFileReference; lastKnownFileType = sourcecode.swift; path = RenameSetViewController.swift; sourceTree = "<group>"; };
		A1FD1B791FD4823F00CD23C1 /* WordsTableViewController.swift */ = {isa = PBXFileReference; lastKnownFileType = sourcecode.swift; path = WordsTableViewController.swift; sourceTree = "<group>"; };
		A1FD1B7B1FD498C900CD23C1 /* AddWordViewController.swift */ = {isa = PBXFileReference; lastKnownFileType = sourcecode.swift; path = AddWordViewController.swift; sourceTree = "<group>"; };
		A1FD1B7D1FD49F9E00CD23C1 /* ViewWordViewController.swift */ = {isa = PBXFileReference; lastKnownFileType = sourcecode.swift; path = ViewWordViewController.swift; sourceTree = "<group>"; };
/* End PBXFileReference section */

/* Begin PBXFrameworksBuildPhase section */
		A12ABC511FC887DB001C06D4 /* Frameworks */ = {
			isa = PBXFrameworksBuildPhase;
			buildActionMask = 2147483647;
			files = (
				A117E54D1FCDABEA00DFD7DC /* AVFoundation.framework in Frameworks */,
				A117E54B1FCDABCD00DFD7DC /* Speech.framework in Frameworks */,
			);
			runOnlyForDeploymentPostprocessing = 0;
		};
/* End PBXFrameworksBuildPhase section */

/* Begin PBXGroup section */
		4BB3F0521FD863CB0037FDC2 /* TestTab */ = {
			isa = PBXGroup;
			children = (
				4BB3F0841FD882BD0037FDC2 /* TestingViewController.swift */,
				4BB3F0861FD885A90037FDC2 /* PickerView.swift */,
				4BB3F0881FD885C90037FDC2 /* TestModeViewController.swift */,
			);
			path = TestTab;
			sourceTree = "<group>";
		};
		4BB3F07B1FD876D00037FDC2 /* Fonts */ = {
			isa = PBXGroup;
			children = (
				4BB3F07D1FD877300037FDC2 /* SF-Pro-Text-Light.otf */,
				4BB3F07C1FD8772E0037FDC2 /* SF-Pro-Text-Regular.otf */,
				4BB3F07E1FD877310037FDC2 /* SF-Pro-Text-Semibold.otf */,
			);
			path = Fonts;
			sourceTree = "<group>";
		};
		A1166B661FD7125D00176812 /* HomeTab */ = {
			isa = PBXGroup;
			children = (
				A12ABC6B1FC88AA0001C06D4 /* HomeViewController.swift */,
				A117E5471FCDA94700DFD7DC /* HomeViewControllerVoice.swift */,
				A12ABC6D1FC89369001C06D4 /* FlashcardsCollectionViewCell.swift */,
				A1FD1B791FD4823F00CD23C1 /* WordsTableViewController.swift */,
				A1FD1B7D1FD49F9E00CD23C1 /* ViewWordViewController.swift */,
				A1FD1B7B1FD498C900CD23C1 /* AddWordViewController.swift */,
				A1166B671FD712A600176812 /* AddSetViewController.swift */,
				A15FFDA71FD84BE000BEBB81 /* EditSetViewController.swift */,
				A15FFDA91FD84CBF00BEBB81 /* RenameSetViewController.swift */,
				A10AD2D41FDDFB7B00988040 /* EditWordViewController.swift */,
			);
			path = HomeTab;
			sourceTree = "<group>";
		};
		A117E5491FCDABC700DFD7DC /* Frameworks */ = {
			isa = PBXGroup;
			children = (
				A117E54C1FCDABE500DFD7DC /* AVFoundation.framework */,
				A117E54A1FCDABC700DFD7DC /* Speech.framework */,
			);
			name = Frameworks;
			sourceTree = "<group>";
		};
		A12ABC4B1FC887DB001C06D4 = {
			isa = PBXGroup;
			children = (
				4BB3F0821FD877900037FDC2 /* Fonts */,
				A12ABC561FC887DB001C06D4 /* Flashcards */,
				A12ABC551FC887DB001C06D4 /* Products */,
				A117E5491FCDABC700DFD7DC /* Frameworks */,
			);
			sourceTree = "<group>";
		};
		A12ABC551FC887DB001C06D4 /* Products */ = {
			isa = PBXGroup;
			children = (
				A12ABC541FC887DB001C06D4 /* Flashcards.app */,
			);
			name = Products;
			sourceTree = "<group>";
		};
		A12ABC561FC887DB001C06D4 /* Flashcards */ = {
			isa = PBXGroup;
			children = (
				4BB3F07B1FD876D00037FDC2 /* Fonts */,
				A151714A1FC8973000A0CDCF /* FlashcardsData.plist */,
				A11E73F51FDDBA58009CB117 /* WordImages.plist */,
				A12ABC571FC887DB001C06D4 /* AppDelegate.swift */,
				A1166B661FD7125D00176812 /* HomeTab */,
				4BB3F0521FD863CB0037FDC2 /* TestTab */,
				A12ABC5D1FC887DB001C06D4 /* Main.storyboard */,
				A12ABC601FC887DB001C06D4 /* Assets.xcassets */,
				A12ABC621FC887DB001C06D4 /* LaunchScreen.storyboard */,
				A12ABC651FC887DB001C06D4 /* Info.plist */,
			);
			path = Flashcards;
			sourceTree = "<group>";
		};
/* End PBXGroup section */

/* Begin PBXNativeTarget section */
		A12ABC531FC887DB001C06D4 /* Flashcards */ = {
			isa = PBXNativeTarget;
			buildConfigurationList = A12ABC681FC887DB001C06D4 /* Build configuration list for PBXNativeTarget "Flashcards" */;
			buildPhases = (
				A12ABC501FC887DB001C06D4 /* Sources */,
				A12ABC511FC887DB001C06D4 /* Frameworks */,
				A12ABC521FC887DB001C06D4 /* Resources */,
			);
			buildRules = (
			);
			dependencies = (
			);
			name = Flashcards;
			productName = Flashcards;
			productReference = A12ABC541FC887DB001C06D4 /* Flashcards.app */;
			productType = "com.apple.product-type.application";
		};
/* End PBXNativeTarget section */

/* Begin PBXProject section */
		A12ABC4C1FC887DB001C06D4 /* Project object */ = {
			isa = PBXProject;
			attributes = {
				LastSwiftUpdateCheck = 0910;
				LastUpgradeCheck = 0910;
				ORGANIZATIONNAME = "Timothy Tran";
				TargetAttributes = {
					A12ABC531FC887DB001C06D4 = {
						CreatedOnToolsVersion = 9.1;
						ProvisioningStyle = Automatic;
					};
				};
			};
			buildConfigurationList = A12ABC4F1FC887DB001C06D4 /* Build configuration list for PBXProject "Flashcards" */;
			compatibilityVersion = "Xcode 8.0";
			developmentRegion = en;
			hasScannedForEncodings = 0;
			knownRegions = (
				en,
				Base,
			);
			mainGroup = A12ABC4B1FC887DB001C06D4;
			productRefGroup = A12ABC551FC887DB001C06D4 /* Products */;
			projectDirPath = "";
			projectRoot = "";
			targets = (
				A12ABC531FC887DB001C06D4 /* Flashcards */,
			);
		};
/* End PBXProject section */

/* Begin PBXResourcesBuildPhase section */
		A12ABC521FC887DB001C06D4 /* Resources */ = {
			isa = PBXResourcesBuildPhase;
			buildActionMask = 2147483647;
			files = (
				4BB3F0831FD877900037FDC2 /* Fonts in Resources */,
				A11E73F61FDDBA58009CB117 /* WordImages.plist in Resources */,
				A12ABC641FC887DB001C06D4 /* LaunchScreen.storyboard in Resources */,
				4BB3F07F1FD877340037FDC2 /* SF-Pro-Text-Regular.otf in Resources */,
				4BB3F0801FD877340037FDC2 /* SF-Pro-Text-Light.otf in Resources */,
				A12ABC611FC887DB001C06D4 /* Assets.xcassets in Resources */,
				A151714B1FC8973000A0CDCF /* FlashcardsData.plist in Resources */,
				A12ABC5F1FC887DB001C06D4 /* Main.storyboard in Resources */,
				4BB3F0811FD877340037FDC2 /* SF-Pro-Text-Semibold.otf in Resources */,
			);
			runOnlyForDeploymentPostprocessing = 0;
		};
/* End PBXResourcesBuildPhase section */

/* Begin PBXSourcesBuildPhase section */
		A12ABC501FC887DB001C06D4 /* Sources */ = {
			isa = PBXSourcesBuildPhase;
			buildActionMask = 2147483647;
			files = (
				A10AD2D51FDDFB7B00988040 /* EditWordViewController.swift in Sources */,
				A1FD1B7E1FD49F9E00CD23C1 /* ViewWordViewController.swift in Sources */,
				A1166B681FD712A600176812 /* AddSetViewController.swift in Sources */,
				4BB3F0851FD882BD0037FDC2 /* TestingViewController.swift in Sources */,
				A117E5481FCDA94700DFD7DC /* HomeViewControllerVoice.swift in Sources */,
				A12ABC581FC887DB001C06D4 /* AppDelegate.swift in Sources */,
				A1FD1B7C1FD498C900CD23C1 /* AddWordViewController.swift in Sources */,
				A15FFDAA1FD84CBF00BEBB81 /* RenameSetViewController.swift in Sources */,
				A12ABC6C1FC88AA0001C06D4 /* HomeViewController.swift in Sources */,
				4BB3F0871FD885A90037FDC2 /* PickerView.swift in Sources */,
				A15FFDA81FD84BE000BEBB81 /* EditSetViewController.swift in Sources */,
				A1FD1B7A1FD4823F00CD23C1 /* WordsTableViewController.swift in Sources */,
				4BB3F0891FD885C90037FDC2 /* TestModeViewController.swift in Sources */,
				A12ABC6E1FC89369001C06D4 /* FlashcardsCollectionViewCell.swift in Sources */,
			);
			runOnlyForDeploymentPostprocessing = 0;
		};
/* End PBXSourcesBuildPhase section */

/* Begin PBXVariantGroup section */
		A12ABC5D1FC887DB001C06D4 /* Main.storyboard */ = {
			isa = PBXVariantGroup;
			children = (
				A12ABC5E1FC887DB001C06D4 /* Base */,
			);
			name = Main.storyboard;
			sourceTree = "<group>";
		};
		A12ABC621FC887DB001C06D4 /* LaunchScreen.storyboard */ = {
			isa = PBXVariantGroup;
			children = (
				A12ABC631FC887DB001C06D4 /* Base */,
			);
			name = LaunchScreen.storyboard;
			sourceTree = "<group>";
		};
/* End PBXVariantGroup section */

/* Begin XCBuildConfiguration section */
		A12ABC661FC887DB001C06D4 /* Debug */ = {
			isa = XCBuildConfiguration;
			buildSettings = {
				ALWAYS_SEARCH_USER_PATHS = NO;
				CLANG_ANALYZER_NONNULL = YES;
				CLANG_ANALYZER_NUMBER_OBJECT_CONVERSION = YES_AGGRESSIVE;
				CLANG_CXX_LANGUAGE_STANDARD = "gnu++14";
				CLANG_CXX_LIBRARY = "libc++";
				CLANG_ENABLE_MODULES = YES;
				CLANG_ENABLE_OBJC_ARC = YES;
				CLANG_WARN_BLOCK_CAPTURE_AUTORELEASING = YES;
				CLANG_WARN_BOOL_CONVERSION = YES;
				CLANG_WARN_COMMA = YES;
				CLANG_WARN_CONSTANT_CONVERSION = YES;
				CLANG_WARN_DIRECT_OBJC_ISA_USAGE = YES_ERROR;
				CLANG_WARN_DOCUMENTATION_COMMENTS = YES;
				CLANG_WARN_EMPTY_BODY = YES;
				CLANG_WARN_ENUM_CONVERSION = YES;
				CLANG_WARN_INFINITE_RECURSION = YES;
				CLANG_WARN_INT_CONVERSION = YES;
				CLANG_WARN_NON_LITERAL_NULL_CONVERSION = YES;
				CLANG_WARN_OBJC_LITERAL_CONVERSION = YES;
				CLANG_WARN_OBJC_ROOT_CLASS = YES_ERROR;
				CLANG_WARN_RANGE_LOOP_ANALYSIS = YES;
				CLANG_WARN_STRICT_PROTOTYPES = YES;
				CLANG_WARN_SUSPICIOUS_MOVE = YES;
				CLANG_WARN_UNGUARDED_AVAILABILITY = YES_AGGRESSIVE;
				CLANG_WARN_UNREACHABLE_CODE = YES;
				CLANG_WARN__DUPLICATE_METHOD_MATCH = YES;
				CODE_SIGN_IDENTITY = "iPhone Developer";
				COPY_PHASE_STRIP = NO;
				DEBUG_INFORMATION_FORMAT = dwarf;
				ENABLE_STRICT_OBJC_MSGSEND = YES;
				ENABLE_TESTABILITY = YES;
				GCC_C_LANGUAGE_STANDARD = gnu11;
				GCC_DYNAMIC_NO_PIC = NO;
				GCC_NO_COMMON_BLOCKS = YES;
				GCC_OPTIMIZATION_LEVEL = 0;
				GCC_PREPROCESSOR_DEFINITIONS = (
					"DEBUG=1",
					"$(inherited)",
				);
				GCC_WARN_64_TO_32_BIT_CONVERSION = YES;
				GCC_WARN_ABOUT_RETURN_TYPE = YES_ERROR;
				GCC_WARN_UNDECLARED_SELECTOR = YES;
				GCC_WARN_UNINITIALIZED_AUTOS = YES_AGGRESSIVE;
				GCC_WARN_UNUSED_FUNCTION = YES;
				GCC_WARN_UNUSED_VARIABLE = YES;
				IPHONEOS_DEPLOYMENT_TARGET = 11.1;
				MTL_ENABLE_DEBUG_INFO = YES;
				ONLY_ACTIVE_ARCH = YES;
				SDKROOT = iphoneos;
				SWIFT_ACTIVE_COMPILATION_CONDITIONS = DEBUG;
				SWIFT_OPTIMIZATION_LEVEL = "-Onone";
			};
			name = Debug;
		};
		A12ABC671FC887DB001C06D4 /* Release */ = {
			isa = XCBuildConfiguration;
			buildSettings = {
				ALWAYS_SEARCH_USER_PATHS = NO;
				CLANG_ANALYZER_NONNULL = YES;
				CLANG_ANALYZER_NUMBER_OBJECT_CONVERSION = YES_AGGRESSIVE;
				CLANG_CXX_LANGUAGE_STANDARD = "gnu++14";
				CLANG_CXX_LIBRARY = "libc++";
				CLANG_ENABLE_MODULES = YES;
				CLANG_ENABLE_OBJC_ARC = YES;
				CLANG_WARN_BLOCK_CAPTURE_AUTORELEASING = YES;
				CLANG_WARN_BOOL_CONVERSION = YES;
				CLANG_WARN_COMMA = YES;
				CLANG_WARN_CONSTANT_CONVERSION = YES;
				CLANG_WARN_DIRECT_OBJC_ISA_USAGE = YES_ERROR;
				CLANG_WARN_DOCUMENTATION_COMMENTS = YES;
				CLANG_WARN_EMPTY_BODY = YES;
				CLANG_WARN_ENUM_CONVERSION = YES;
				CLANG_WARN_INFINITE_RECURSION = YES;
				CLANG_WARN_INT_CONVERSION = YES;
				CLANG_WARN_NON_LITERAL_NULL_CONVERSION = YES;
				CLANG_WARN_OBJC_LITERAL_CONVERSION = YES;
				CLANG_WARN_OBJC_ROOT_CLASS = YES_ERROR;
				CLANG_WARN_RANGE_LOOP_ANALYSIS = YES;
				CLANG_WARN_STRICT_PROTOTYPES = YES;
				CLANG_WARN_SUSPICIOUS_MOVE = YES;
				CLANG_WARN_UNGUARDED_AVAILABILITY = YES_AGGRESSIVE;
				CLANG_WARN_UNREACHABLE_CODE = YES;
				CLANG_WARN__DUPLICATE_METHOD_MATCH = YES;
				CODE_SIGN_IDENTITY = "iPhone Developer";
				COPY_PHASE_STRIP = NO;
				DEBUG_INFORMATION_FORMAT = "dwarf-with-dsym";
				ENABLE_NS_ASSERTIONS = NO;
				ENABLE_STRICT_OBJC_MSGSEND = YES;
				GCC_C_LANGUAGE_STANDARD = gnu11;
				GCC_NO_COMMON_BLOCKS = YES;
				GCC_WARN_64_TO_32_BIT_CONVERSION = YES;
				GCC_WARN_ABOUT_RETURN_TYPE = YES_ERROR;
				GCC_WARN_UNDECLARED_SELECTOR = YES;
				GCC_WARN_UNINITIALIZED_AUTOS = YES_AGGRESSIVE;
				GCC_WARN_UNUSED_FUNCTION = YES;
				GCC_WARN_UNUSED_VARIABLE = YES;
				IPHONEOS_DEPLOYMENT_TARGET = 11.1;
				MTL_ENABLE_DEBUG_INFO = NO;
				SDKROOT = iphoneos;
				SWIFT_OPTIMIZATION_LEVEL = "-Owholemodule";
				VALIDATE_PRODUCT = YES;
			};
			name = Release;
		};
		A12ABC691FC887DB001C06D4 /* Debug */ = {
			isa = XCBuildConfiguration;
			buildSettings = {
				ASSETCATALOG_COMPILER_APPICON_NAME = AppIcon;
				CODE_SIGN_STYLE = Automatic;
				DEVELOPMENT_TEAM = U3465V32BF;
				INFOPLIST_FILE = Flashcards/Info.plist;
				IPHONEOS_DEPLOYMENT_TARGET = 11.0;
				LD_RUNPATH_SEARCH_PATHS = "$(inherited) @executable_path/Frameworks";
				PRODUCT_BUNDLE_IDENTIFIER = com.timothytran.Flashcards;
				PRODUCT_NAME = "$(TARGET_NAME)";
				SWIFT_VERSION = 4.0;
				TARGETED_DEVICE_FAMILY = 1;
			};
			name = Debug;
		};
		A12ABC6A1FC887DB001C06D4 /* Release */ = {
			isa = XCBuildConfiguration;
			buildSettings = {
				ASSETCATALOG_COMPILER_APPICON_NAME = AppIcon;
				CODE_SIGN_STYLE = Automatic;
				DEVELOPMENT_TEAM = U3465V32BF;
				INFOPLIST_FILE = Flashcards/Info.plist;
				IPHONEOS_DEPLOYMENT_TARGET = 11.0;
				LD_RUNPATH_SEARCH_PATHS = "$(inherited) @executable_path/Frameworks";
				PRODUCT_BUNDLE_IDENTIFIER = com.timothytran.Flashcards;
				PRODUCT_NAME = "$(TARGET_NAME)";
				SWIFT_VERSION = 4.0;
				TARGETED_DEVICE_FAMILY = 1;
			};
			name = Release;
		};
/* End XCBuildConfiguration section */

/* Begin XCConfigurationList section */
		A12ABC4F1FC887DB001C06D4 /* Build configuration list for PBXProject "Flashcards" */ = {
			isa = XCConfigurationList;
			buildConfigurations = (
				A12ABC661FC887DB001C06D4 /* Debug */,
				A12ABC671FC887DB001C06D4 /* Release */,
			);
			defaultConfigurationIsVisible = 0;
			defaultConfigurationName = Release;
		};
		A12ABC681FC887DB001C06D4 /* Build configuration list for PBXNativeTarget "Flashcards" */ = {
			isa = XCConfigurationList;
			buildConfigurations = (
				A12ABC691FC887DB001C06D4 /* Debug */,
				A12ABC6A1FC887DB001C06D4 /* Release */,
			);
			defaultConfigurationIsVisible = 0;
			defaultConfigurationName = Release;
		};
/* End XCConfigurationList section */
	};
	rootObject = A12ABC4C1FC887DB001C06D4 /* Project object */;
}
